
Microsoft Visual Studio Solution File, Format Version 12.00
# Visual Studio Version 17
VisualStudioVersion = 17.9.34902.65
MinimumVisualStudioVersion = 10.0.40219.1
Project("{FAE04EC0-301F-11D3-BF4B-00C04F79EFBC}") = "StudentMvcCrud", "StudentMvcCrud\StudentMvcCrud.csproj", "{6237BC63-1C04-40A8-8402-908E2F2E7E5C}"
EndProject
Global
	GlobalSection(SolutionConfigurationPlatforms) = preSolution
		Debug|Any CPU = Debug|Any CPU
		Release|Any CPU = Release|Any CPU
	EndGlobalSection
	GlobalSection(ProjectConfigurationPlatforms) = postSolution
		{6237BC63-1C04-40A8-8402-908E2F2E7E5C}.Debug|Any CPU.ActiveCfg = Debug|Any CPU
		{6237BC63-1C04-40A8-8402-908E2F2E7E5C}.Debug|Any CPU.Build.0 = Debug|Any CPU
		{6237BC63-1C04-40A8-8402-908E2F2E7E5C}.Release|Any CPU.ActiveCfg = Release|Any CPU
		{6237BC63-1C04-40A8-8402-908E2F2E7E5C}.Release|Any CPU.Build.0 = Release|Any CPU
	EndGlobalSection
	GlobalSection(SolutionProperties) = preSolution
		HideSolutionNode = FALSE
	EndGlobalSection
	GlobalSection(ExtensibilityGlobals) = postSolution
		SolutionGuid = {41050E3B-C97F-475E-89C8-2F4E70CB7549}
	EndGlobalSection
EndGlobal
